
Microsoft Visual Studio Solution File, Format Version 12.00
# Visual Studio Version 17
VisualStudioVersion = 17.11.35312.102
MinimumVisualStudioVersion = 10.0.40219.1
Project("{9A19103F-16F7-4668-BE54-9A1E7A4F7556}") = "Content.WebApi", "Content.WebApi\Content.WebApi.csproj", "{C5481D96-55A6-4DF2-B44E-A142A49591EC}"
	ProjectSection(ProjectDependencies) = postProject
		{116D07F6-F342-468E-9CA1-694C967C2EB4} = {116D07F6-F342-468E-9CA1-694C967C2EB4}
		{3E8139B4-7D57-4376-8FA6-04523587B50E} = {3E8139B4-7D57-4376-8FA6-04523587B50E}
		{790D4F7F-4A57-477E-9594-DDC12BA44989} = {790D4F7F-4A57-477E-9594-DDC12BA44989}
		{7F77DC39-5F14-4BDD-B095-9235FBFC4C6C} = {7F77DC39-5F14-4BDD-B095-9235FBFC4C6C}
		{A93FC07E-CDAF-41A5-B63C-CA6DF2A57868} = {A93FC07E-CDAF-41A5-B63C-CA6DF2A57868}
		{C4B0F873-BE8E-4FBE-8EE6-330F4080EAB4} = {C4B0F873-BE8E-4FBE-8EE6-330F4080EAB4}
		{D1DB25D8-6157-47ED-8182-BA58CB72B49C} = {D1DB25D8-6157-47ED-8182-BA58CB72B49C}
		{EF6F5CAD-35F8-460D-92A0-9A32F281D80F} = {EF6F5CAD-35F8-460D-92A0-9A32F281D80F}
		{F80BC630-4527-41CF-AA4B-FA4147DB137F} = {F80BC630-4527-41CF-AA4B-FA4147DB137F}
	EndProjectSection
EndProject
Project("{9A19103F-16F7-4668-BE54-9A1E7A4F7556}") = "Content.Domain", "Content.Domain\Content.Domain.csproj", "{EF6F5CAD-35F8-460D-92A0-9A32F281D80F}"
	ProjectSection(ProjectDependencies) = postProject
		{35066FAF-6527-460F-85F9-6505B43D2AF2} = {35066FAF-6527-460F-85F9-6505B43D2AF2}
		{DBD6520D-911D-4140-A873-04FCCE7D2B56} = {DBD6520D-911D-4140-A873-04FCCE7D2B56}
		{F9937019-125F-4EFC-B19F-A9660D629E77} = {F9937019-125F-4EFC-B19F-A9660D629E77}
	EndProjectSection
EndProject
Project("{2150E333-8FDC-42A3-9474-1A3956D46DE8}") = "Infrastructure", "Infrastructure", "{F5CB9D29-46AA-4C0A-98F2-2D37158B2F22}"
EndProject
Project("{9A19103F-16F7-4668-BE54-9A1E7A4F7556}") = "Api.Requests.Abstractions", "Api.Requests.Abstractions\Api.Requests.Abstractions.csproj", "{116D07F6-F342-468E-9CA1-694C967C2EB4}"
EndProject
Project("{9A19103F-16F7-4668-BE54-9A1E7A4F7556}") = "Api.Requests.Hierarchic.Abstractions", "Api.Requests.Hierarchic.Abstractions\Api.Requests.Hierarchic.Abstractions.csproj", "{7F77DC39-5F14-4BDD-B095-9235FBFC4C6C}"
EndProject
Project("{9A19103F-16F7-4668-BE54-9A1E7A4F7556}") = "AspNetCore.ApiControllers.Abstractions", "AspNetCore.ApiControllers.Abstractions\AspNetCore.ApiControllers.Abstractions.csproj", "{790D4F7F-4A57-477E-9594-DDC12BA44989}"
EndProject
Project("{9A19103F-16F7-4668-BE54-9A1E7A4F7556}") = "AspNetCore.ApiControllers.Extensions", "AspNetCore.ApiControllers.Extensions\AspNetCore.ApiControllers.Extensions.csproj", "{F80BC630-4527-41CF-AA4B-FA4147DB137F}"
EndProject
Project("{9A19103F-16F7-4668-BE54-9A1E7A4F7556}") = "Commands.Abstractions", "Commands.Abstractions\Commands.Abstractions.csproj", "{DBD6520D-911D-4140-A873-04FCCE7D2B56}"
EndProject
Project("{9A19103F-16F7-4668-BE54-9A1E7A4F7556}") = "Common.DataAnnotations", "Common.DataAnnotations\Common.DataAnnotations.csproj", "{35066FAF-6527-460F-85F9-6505B43D2AF2}"
EndProject
Project("{9A19103F-16F7-4668-BE54-9A1E7A4F7556}") = "Common.DataAnnotations.Hierarchy", "Common.DataAnnotations.Hierarchy\Common.DataAnnotations.Hierarchy.csproj", "{A93FC07E-CDAF-41A5-B63C-CA6DF2A57868}"
EndProject
Project("{9A19103F-16F7-4668-BE54-9A1E7A4F7556}") = "Database.Abstractions", "Database.Abstractions\Database.Abstractions.csproj", "{3CB65D99-F19A-444B-95D9-325A2F352D28}"
EndProject
Project("{9A19103F-16F7-4668-BE54-9A1E7A4F7556}") = "Database.Sqlite", "Database.Sqlite\Database.Sqlite.csproj", "{D1DB25D8-6157-47ED-8182-BA58CB72B49C}"
EndProject
Project("{9A19103F-16F7-4668-BE54-9A1E7A4F7556}") = "Database.Transactions.Scoped", "Database.Transactions.Scoped\Database.Transactions.Scoped.csproj", "{3E8139B4-7D57-4376-8FA6-04523587B50E}"
EndProject
Project("{9A19103F-16F7-4668-BE54-9A1E7A4F7556}") = "Domain.Abstractions", "Domain.Abstractions\Domain.Abstractions.csproj", "{47F0F022-D604-4F98-9937-2A5716A492CA}"
EndProject
Project("{9A19103F-16F7-4668-BE54-9A1E7A4F7556}") = "Json.Converters.Hierarchy", "Json.Converters.Hierarchy\Json.Converters.Hierarchy.csproj", "{F2967750-A77D-4879-94E3-87F6E3DB0689}"
EndProject
Project("{9A19103F-16F7-4668-BE54-9A1E7A4F7556}") = "Linq.AsyncQueryable.Abstractions", "Linq.AsyncQueryable.Abstractions\Linq.AsyncQueryable.Abstractions.csproj", "{B59BDA20-8190-4B2C-B5D9-E965A3E83DB3}"
EndProject
Project("{9A19103F-16F7-4668-BE54-9A1E7A4F7556}") = "Linq.Providers.Abstractions", "Linq.Providers.Abstractions\Linq.Providers.Abstractions.csproj", "{49A0EA65-2103-4841-820A-35DA4C7336C5}"
EndProject
Project("{9A19103F-16F7-4668-BE54-9A1E7A4F7556}") = "NHibernate.Infrastructure", "NHibernate.Infrastructure\NHibernate.Infrastructure.csproj", "{C4B0F873-BE8E-4FBE-8EE6-330F4080EAB4}"
EndProject
Project("{9A19103F-16F7-4668-BE54-9A1E7A4F7556}") = "NHibernate.Infrastructure.AutoMapping", "NHibernate.Infrastructure.AutoMapping\NHibernate.Infrastructure.AutoMapping.csproj", "{70953A46-2299-4E84-8F1B-C9A687C05DAD}"
EndProject
Project("{9A19103F-16F7-4668-BE54-9A1E7A4F7556}") = "Persistence.Transactions.Behaviors", "Persistence.Transactions.Behaviors\Persistence.Transactions.Behaviors.csproj", "{4245702E-738D-4768-8448-A991892020AE}"
EndProject
Project("{9A19103F-16F7-4668-BE54-9A1E7A4F7556}") = "Queries.Abstractions", "Queries.Abstractions\Queries.Abstractions.csproj", "{F9937019-125F-4EFC-B19F-A9660D629E77}"
EndProject
Project("{9A19103F-16F7-4668-BE54-9A1E7A4F7556}") = "Repositories.Abstractions", "Repositories.Abstractions\Repositories.Abstractions.csproj", "{C70F5636-9D49-4DCD-B8FC-FC92626D72DE}"
EndProject
Project("{9A19103F-16F7-4668-BE54-9A1E7A4F7556}") = "Content.Persistence.ORM", "Content.Persistence.ORM\Content.Persistence.ORM.csproj", "{753E7525-29E3-4264-8622-2D99D9FFCA7B}"
EndProject
Project("{9A19103F-16F7-4668-BE54-9A1E7A4F7556}") = "Content.Persistence.NHibernate", "Content.Persistence.NHibernate\Content.Persistence.NHibernate.csproj", "{03C71BD3-111E-4AC3-9488-444D81C4CB4F}"
EndProject
Project("{FAE04EC0-301F-11D3-BF4B-00C04F79EFBC}") = "Pagination", "Requests.Pagination\Pagination.csproj", "{970E5714-C11E-4631-9C53-998501CDC408}"
EndProject
Global
	GlobalSection(SolutionConfigurationPlatforms) = preSolution
		Debug|Any CPU = Debug|Any CPU
		Release|Any CPU = Release|Any CPU
	EndGlobalSection
	GlobalSection(ProjectConfigurationPlatforms) = postSolution
		{C5481D96-55A6-4DF2-B44E-A142A49591EC}.Debug|Any CPU.ActiveCfg = Debug|Any CPU
		{C5481D96-55A6-4DF2-B44E-A142A49591EC}.Debug|Any CPU.Build.0 = Debug|Any CPU
		{C5481D96-55A6-4DF2-B44E-A142A49591EC}.Release|Any CPU.ActiveCfg = Release|Any CPU
		{C5481D96-55A6-4DF2-B44E-A142A49591EC}.Release|Any CPU.Build.0 = Release|Any CPU
		{EF6F5CAD-35F8-460D-92A0-9A32F281D80F}.Debug|Any CPU.ActiveCfg = Debug|Any CPU
		{EF6F5CAD-35F8-460D-92A0-9A32F281D80F}.Debug|Any CPU.Build.0 = Debug|Any CPU
		{EF6F5CAD-35F8-460D-92A0-9A32F281D80F}.Release|Any CPU.ActiveCfg = Release|Any CPU
		{EF6F5CAD-35F8-460D-92A0-9A32F281D80F}.Release|Any CPU.Build.0 = Release|Any CPU
		{116D07F6-F342-468E-9CA1-694C967C2EB4}.Debug|Any CPU.ActiveCfg = Debug|Any CPU
		{116D07F6-F342-468E-9CA1-694C967C2EB4}.Debug|Any CPU.Build.0 = Debug|Any CPU
		{116D07F6-F342-468E-9CA1-694C967C2EB4}.Release|Any CPU.ActiveCfg = Release|Any CPU
		{116D07F6-F342-468E-9CA1-694C967C2EB4}.Release|Any CPU.Build.0 = Release|Any CPU
		{7F77DC39-5F14-4BDD-B095-9235FBFC4C6C}.Debug|Any CPU.ActiveCfg = Debug|Any CPU
		{7F77DC39-5F14-4BDD-B095-9235FBFC4C6C}.Debug|Any CPU.Build.0 = Debug|Any CPU
		{7F77DC39-5F14-4BDD-B095-9235FBFC4C6C}.Release|Any CPU.ActiveCfg = Release|Any CPU
		{7F77DC39-5F14-4BDD-B095-9235FBFC4C6C}.Release|Any CPU.Build.0 = Release|Any CPU
		{790D4F7F-4A57-477E-9594-DDC12BA44989}.Debug|Any CPU.ActiveCfg = Debug|Any CPU
		{790D4F7F-4A57-477E-9594-DDC12BA44989}.Debug|Any CPU.Build.0 = Debug|Any CPU
		{790D4F7F-4A57-477E-9594-DDC12BA44989}.Release|Any CPU.ActiveCfg = Release|Any CPU
		{790D4F7F-4A57-477E-9594-DDC12BA44989}.Release|Any CPU.Build.0 = Release|Any CPU
		{F80BC630-4527-41CF-AA4B-FA4147DB137F}.Debug|Any CPU.ActiveCfg = Debug|Any CPU
		{F80BC630-4527-41CF-AA4B-FA4147DB137F}.Debug|Any CPU.Build.0 = Debug|Any CPU
		{F80BC630-4527-41CF-AA4B-FA4147DB137F}.Release|Any CPU.ActiveCfg = Release|Any CPU
		{F80BC630-4527-41CF-AA4B-FA4147DB137F}.Release|Any CPU.Build.0 = Release|Any CPU
		{DBD6520D-911D-4140-A873-04FCCE7D2B56}.Debug|Any CPU.ActiveCfg = Debug|Any CPU
		{DBD6520D-911D-4140-A873-04FCCE7D2B56}.Debug|Any CPU.Build.0 = Debug|Any CPU
		{DBD6520D-911D-4140-A873-04FCCE7D2B56}.Release|Any CPU.ActiveCfg = Release|Any CPU
		{DBD6520D-911D-4140-A873-04FCCE7D2B56}.Release|Any CPU.Build.0 = Release|Any CPU
		{35066FAF-6527-460F-85F9-6505B43D2AF2}.Debug|Any CPU.ActiveCfg = Debug|Any CPU
		{35066FAF-6527-460F-85F9-6505B43D2AF2}.Debug|Any CPU.Build.0 = Debug|Any CPU
		{35066FAF-6527-460F-85F9-6505B43D2AF2}.Release|Any CPU.ActiveCfg = Release|Any CPU
		{35066FAF-6527-460F-85F9-6505B43D2AF2}.Release|Any CPU.Build.0 = Release|Any CPU
		{A93FC07E-CDAF-41A5-B63C-CA6DF2A57868}.Debug|Any CPU.ActiveCfg = Debug|Any CPU
		{A93FC07E-CDAF-41A5-B63C-CA6DF2A57868}.Debug|Any CPU.Build.0 = Debug|Any CPU
		{A93FC07E-CDAF-41A5-B63C-CA6DF2A57868}.Release|Any CPU.ActiveCfg = Release|Any CPU
		{A93FC07E-CDAF-41A5-B63C-CA6DF2A57868}.Release|Any CPU.Build.0 = Release|Any CPU
		{3CB65D99-F19A-444B-95D9-325A2F352D28}.Debug|Any CPU.ActiveCfg = Debug|Any CPU
		{3CB65D99-F19A-444B-95D9-325A2F352D28}.Debug|Any CPU.Build.0 = Debug|Any CPU
		{3CB65D99-F19A-444B-95D9-325A2F352D28}.Release|Any CPU.ActiveCfg = Release|Any CPU
		{3CB65D99-F19A-444B-95D9-325A2F352D28}.Release|Any CPU.Build.0 = Release|Any CPU
		{D1DB25D8-6157-47ED-8182-BA58CB72B49C}.Debug|Any CPU.ActiveCfg = Debug|Any CPU
		{D1DB25D8-6157-47ED-8182-BA58CB72B49C}.Debug|Any CPU.Build.0 = Debug|Any CPU
		{D1DB25D8-6157-47ED-8182-BA58CB72B49C}.Release|Any CPU.ActiveCfg = Release|Any CPU
		{D1DB25D8-6157-47ED-8182-BA58CB72B49C}.Release|Any CPU.Build.0 = Release|Any CPU
		{3E8139B4-7D57-4376-8FA6-04523587B50E}.Debug|Any CPU.ActiveCfg = Debug|Any CPU
		{3E8139B4-7D57-4376-8FA6-04523587B50E}.Debug|Any CPU.Build.0 = Debug|Any CPU
		{3E8139B4-7D57-4376-8FA6-04523587B50E}.Release|Any CPU.ActiveCfg = Release|Any CPU
		{3E8139B4-7D57-4376-8FA6-04523587B50E}.Release|Any CPU.Build.0 = Release|Any CPU
		{47F0F022-D604-4F98-9937-2A5716A492CA}.Debug|Any CPU.ActiveCfg = Debug|Any CPU
		{47F0F022-D604-4F98-9937-2A5716A492CA}.Debug|Any CPU.Build.0 = Debug|Any CPU
		{47F0F022-D604-4F98-9937-2A5716A492CA}.Release|Any CPU.ActiveCfg = Release|Any CPU
		{47F0F022-D604-4F98-9937-2A5716A492CA}.Release|Any CPU.Build.0 = Release|Any CPU
		{F2967750-A77D-4879-94E3-87F6E3DB0689}.Debug|Any CPU.ActiveCfg = Debug|Any CPU
		{F2967750-A77D-4879-94E3-87F6E3DB0689}.Debug|Any CPU.Build.0 = Debug|Any CPU
		{F2967750-A77D-4879-94E3-87F6E3DB0689}.Release|Any CPU.ActiveCfg = Release|Any CPU
		{F2967750-A77D-4879-94E3-87F6E3DB0689}.Release|Any CPU.Build.0 = Release|Any CPU
		{B59BDA20-8190-4B2C-B5D9-E965A3E83DB3}.Debug|Any CPU.ActiveCfg = Debug|Any CPU
		{B59BDA20-8190-4B2C-B5D9-E965A3E83DB3}.Debug|Any CPU.Build.0 = Debug|Any CPU
		{B59BDA20-8190-4B2C-B5D9-E965A3E83DB3}.Release|Any CPU.ActiveCfg = Release|Any CPU
		{B59BDA20-8190-4B2C-B5D9-E965A3E83DB3}.Release|Any CPU.Build.0 = Release|Any CPU
		{49A0EA65-2103-4841-820A-35DA4C7336C5}.Debug|Any CPU.ActiveCfg = Debug|Any CPU
		{49A0EA65-2103-4841-820A-35DA4C7336C5}.Debug|Any CPU.Build.0 = Debug|Any CPU
		{49A0EA65-2103-4841-820A-35DA4C7336C5}.Release|Any CPU.ActiveCfg = Release|Any CPU
		{49A0EA65-2103-4841-820A-35DA4C7336C5}.Release|Any CPU.Build.0 = Release|Any CPU
		{C4B0F873-BE8E-4FBE-8EE6-330F4080EAB4}.Debug|Any CPU.ActiveCfg = Debug|Any CPU
		{C4B0F873-BE8E-4FBE-8EE6-330F4080EAB4}.Debug|Any CPU.Build.0 = Debug|Any CPU
		{C4B0F873-BE8E-4FBE-8EE6-330F4080EAB4}.Release|Any CPU.ActiveCfg = Release|Any CPU
		{C4B0F873-BE8E-4FBE-8EE6-330F4080EAB4}.Release|Any CPU.Build.0 = Release|Any CPU
		{70953A46-2299-4E84-8F1B-C9A687C05DAD}.Debug|Any CPU.ActiveCfg = Debug|Any CPU
		{70953A46-2299-4E84-8F1B-C9A687C05DAD}.Debug|Any CPU.Build.0 = Debug|Any CPU
		{70953A46-2299-4E84-8F1B-C9A687C05DAD}.Release|Any CPU.ActiveCfg = Release|Any CPU
		{70953A46-2299-4E84-8F1B-C9A687C05DAD}.Release|Any CPU.Build.0 = Release|Any CPU
		{4245702E-738D-4768-8448-A991892020AE}.Debug|Any CPU.ActiveCfg = Debug|Any CPU
		{4245702E-738D-4768-8448-A991892020AE}.Debug|Any CPU.Build.0 = Debug|Any CPU
		{4245702E-738D-4768-8448-A991892020AE}.Release|Any CPU.ActiveCfg = Release|Any CPU
		{4245702E-738D-4768-8448-A991892020AE}.Release|Any CPU.Build.0 = Release|Any CPU
		{F9937019-125F-4EFC-B19F-A9660D629E77}.Debug|Any CPU.ActiveCfg = Debug|Any CPU
		{F9937019-125F-4EFC-B19F-A9660D629E77}.Debug|Any CPU.Build.0 = Debug|Any CPU
		{F9937019-125F-4EFC-B19F-A9660D629E77}.Release|Any CPU.ActiveCfg = Release|Any CPU
		{F9937019-125F-4EFC-B19F-A9660D629E77}.Release|Any CPU.Build.0 = Release|Any CPU
		{C70F5636-9D49-4DCD-B8FC-FC92626D72DE}.Debug|Any CPU.ActiveCfg = Debug|Any CPU
		{C70F5636-9D49-4DCD-B8FC-FC92626D72DE}.Debug|Any CPU.Build.0 = Debug|Any CPU
		{C70F5636-9D49-4DCD-B8FC-FC92626D72DE}.Release|Any CPU.ActiveCfg = Release|Any CPU
		{C70F5636-9D49-4DCD-B8FC-FC92626D72DE}.Release|Any CPU.Build.0 = Release|Any CPU
		{753E7525-29E3-4264-8622-2D99D9FFCA7B}.Debug|Any CPU.ActiveCfg = Debug|Any CPU
		{753E7525-29E3-4264-8622-2D99D9FFCA7B}.Debug|Any CPU.Build.0 = Debug|Any CPU
		{753E7525-29E3-4264-8622-2D99D9FFCA7B}.Release|Any CPU.ActiveCfg = Release|Any CPU
		{753E7525-29E3-4264-8622-2D99D9FFCA7B}.Release|Any CPU.Build.0 = Release|Any CPU
		{03C71BD3-111E-4AC3-9488-444D81C4CB4F}.Debug|Any CPU.ActiveCfg = Debug|Any CPU
		{03C71BD3-111E-4AC3-9488-444D81C4CB4F}.Debug|Any CPU.Build.0 = Debug|Any CPU
		{03C71BD3-111E-4AC3-9488-444D81C4CB4F}.Release|Any CPU.ActiveCfg = Release|Any CPU
		{03C71BD3-111E-4AC3-9488-444D81C4CB4F}.Release|Any CPU.Build.0 = Release|Any CPU
		{970E5714-C11E-4631-9C53-998501CDC408}.Debug|Any CPU.ActiveCfg = Debug|Any CPU
		{970E5714-C11E-4631-9C53-998501CDC408}.Debug|Any CPU.Build.0 = Debug|Any CPU
		{970E5714-C11E-4631-9C53-998501CDC408}.Release|Any CPU.ActiveCfg = Release|Any CPU
		{970E5714-C11E-4631-9C53-998501CDC408}.Release|Any CPU.Build.0 = Release|Any CPU
	EndGlobalSection
	GlobalSection(SolutionProperties) = preSolution
		HideSolutionNode = FALSE
	EndGlobalSection
	GlobalSection(NestedProjects) = preSolution
		{116D07F6-F342-468E-9CA1-694C967C2EB4} = {F5CB9D29-46AA-4C0A-98F2-2D37158B2F22}
		{7F77DC39-5F14-4BDD-B095-9235FBFC4C6C} = {F5CB9D29-46AA-4C0A-98F2-2D37158B2F22}
		{790D4F7F-4A57-477E-9594-DDC12BA44989} = {F5CB9D29-46AA-4C0A-98F2-2D37158B2F22}
		{F80BC630-4527-41CF-AA4B-FA4147DB137F} = {F5CB9D29-46AA-4C0A-98F2-2D37158B2F22}
		{DBD6520D-911D-4140-A873-04FCCE7D2B56} = {F5CB9D29-46AA-4C0A-98F2-2D37158B2F22}
		{35066FAF-6527-460F-85F9-6505B43D2AF2} = {F5CB9D29-46AA-4C0A-98F2-2D37158B2F22}
		{A93FC07E-CDAF-41A5-B63C-CA6DF2A57868} = {F5CB9D29-46AA-4C0A-98F2-2D37158B2F22}
		{3CB65D99-F19A-444B-95D9-325A2F352D28} = {F5CB9D29-46AA-4C0A-98F2-2D37158B2F22}
		{D1DB25D8-6157-47ED-8182-BA58CB72B49C} = {F5CB9D29-46AA-4C0A-98F2-2D37158B2F22}
		{3E8139B4-7D57-4376-8FA6-04523587B50E} = {F5CB9D29-46AA-4C0A-98F2-2D37158B2F22}
		{47F0F022-D604-4F98-9937-2A5716A492CA} = {F5CB9D29-46AA-4C0A-98F2-2D37158B2F22}
		{F2967750-A77D-4879-94E3-87F6E3DB0689} = {F5CB9D29-46AA-4C0A-98F2-2D37158B2F22}
		{B59BDA20-8190-4B2C-B5D9-E965A3E83DB3} = {F5CB9D29-46AA-4C0A-98F2-2D37158B2F22}
		{49A0EA65-2103-4841-820A-35DA4C7336C5} = {F5CB9D29-46AA-4C0A-98F2-2D37158B2F22}
		{C4B0F873-BE8E-4FBE-8EE6-330F4080EAB4} = {F5CB9D29-46AA-4C0A-98F2-2D37158B2F22}
		{70953A46-2299-4E84-8F1B-C9A687C05DAD} = {F5CB9D29-46AA-4C0A-98F2-2D37158B2F22}
		{4245702E-738D-4768-8448-A991892020AE} = {F5CB9D29-46AA-4C0A-98F2-2D37158B2F22}
		{F9937019-125F-4EFC-B19F-A9660D629E77} = {F5CB9D29-46AA-4C0A-98F2-2D37158B2F22}
		{C70F5636-9D49-4DCD-B8FC-FC92626D72DE} = {F5CB9D29-46AA-4C0A-98F2-2D37158B2F22}
		{970E5714-C11E-4631-9C53-998501CDC408} = {F5CB9D29-46AA-4C0A-98F2-2D37158B2F22}
	EndGlobalSection
	GlobalSection(ExtensibilityGlobals) = postSolution
		SolutionGuid = {068F4585-548C-4CC2-A2DB-4045B500115D}
	EndGlobalSection
EndGlobal
